{
	"name": "lobby",
	"version": "0.0.0",
	"lockfileVersion": 3,
	"requires": true,
	"packages": {
		"": {
			"name": "lobby",
			"version": "0.0.0",
			"license": "UNLICENSED",
			"dependencies": {
				"@roamhq/wrtc": "^0.8.0"
			},
			"devDependencies": {
				"@types/node": "^20.14.9",
				"typescript": "^5.5.3"
			}
		},
		"node_modules/@roamhq/wrtc": {
			"version": "0.8.0",
			"resolved": "https://registry.npmjs.org/@roamhq/wrtc/-/wrtc-0.8.0.tgz",
			"integrity": "sha512-C0V/nqc4/2xzORI5qa4mIeN/8UO3ywN1kInrJ9u6GljFx0D18JMUJEqe8yYHa61RrEeoWN3PKdW++k8TocSx/A==",
			"optionalDependencies": {
				"@roamhq/wrtc-darwin-arm64": "0.8.0",
				"@roamhq/wrtc-darwin-x64": "0.8.0",
				"@roamhq/wrtc-linux-arm64": "0.8.1",
				"@roamhq/wrtc-linux-x64": "0.8.1",
				"@roamhq/wrtc-win32-x64": "0.8.0",
				"domexception": "^4.0.0"
			}
		},
		"node_modules/@roamhq/wrtc-darwin-arm64": {
			"version": "0.8.0",
			"resolved": "https://registry.npmjs.org/@roamhq/wrtc-darwin-arm64/-/wrtc-darwin-arm64-0.8.0.tgz",
			"integrity": "sha512-OtV2KWO7zOG3L8TF3KCt9aucynVCD/ww2xeXXgg+FLkya3ca0uzehN8EQJ3BL4tkInksbFJ2ssyu9cehfJ3ZuA==",
			"cpu": [
				"arm64"
			],
			"optional": true,
			"os": [
				"darwin"
			]
		},
		"node_modules/@roamhq/wrtc-darwin-x64": {
			"version": "0.8.0",
			"resolved": "https://registry.npmjs.org/@roamhq/wrtc-darwin-x64/-/wrtc-darwin-x64-0.8.0.tgz",
			"integrity": "sha512-VY7Vzt/SDDDCpW//h8GW9bOZrOr8gWXPZVD9473ypl4jyBIoO57yyLbHzd1G0vBUkS6szsHlQCz1WwpI30YL+g==",
			"cpu": [
				"x64"
			],
			"optional": true,
			"os": [
				"darwin"
			]
		},
		"node_modules/@roamhq/wrtc-linux-arm64": {
			"version": "0.8.1",
			"resolved": "https://registry.npmjs.org/@roamhq/wrtc-linux-arm64/-/wrtc-linux-arm64-0.8.1.tgz",
			"integrity": "sha512-FBJLLazlWkGQUXaokC/rTbrUQbb0CNFYry52fZGstufrGLTWu+g4HcwXdVvxh1tnVtVMvkQGk+mlOL52sCxw0A==",
			"cpu": [
				"arm64"
			],
			"optional": true,
			"os": [
				"linux"
			]
		},
		"node_modules/@roamhq/wrtc-linux-x64": {
			"version": "0.8.1",
			"resolved": "https://registry.npmjs.org/@roamhq/wrtc-linux-x64/-/wrtc-linux-x64-0.8.1.tgz",
			"integrity": "sha512-I9oWG7b4uvWO1IOR/aF34n+ID6TKVuSs0jd19h5KdhfRtw7FFh9xxuwN9rONPxLVa6fS0q+MCZgAf8Scz89L8Q==",
			"cpu": [
				"x64"
			],
			"optional": true,
			"os": [
				"linux"
			]
		},
		"node_modules/@roamhq/wrtc-win32-x64": {
			"version": "0.8.0",
			"resolved": "https://registry.npmjs.org/@roamhq/wrtc-win32-x64/-/wrtc-win32-x64-0.8.0.tgz",
			"integrity": "sha512-R2fxl41BLWPiP4eaTHGLzbbVvRjx1mV/OsgINCvawO7Hwz5Zx9I45+Fhrw3hd4n5amIeSG9VIF7Kz8eeTFXTGQ==",
			"cpu": [
				"x64"
			],
			"optional": true,
			"os": [
				"win32"
			]
		},
		"node_modules/@types/node": {
			"version": "20.14.9",
			"resolved": "https://registry.npmjs.org/@types/node/-/node-20.14.9.tgz",
			"integrity": "sha512-06OCtnTXtWOZBJlRApleWndH4JsRVs1pDCc8dLSQp+7PpUpX3ePdHyeNSFTeSe7FtKyQkrlPvHwJOW3SLd8Oyg==",
			"dev": true,
			"dependencies": {
				"undici-types": "~5.26.4"
			}
		},
		"node_modules/domexception": {
			"version": "4.0.0",
			"resolved": "https://registry.npmjs.org/domexception/-/domexception-4.0.0.tgz",
			"integrity": "sha512-A2is4PLG+eeSfoTMA95/s4pvAoSo2mKtiM5jlHkAVewmiO8ISFTFKZjH7UAM1Atli/OT/7JHOrJRJiMKUZKYBw==",
			"deprecated": "Use your platform's native DOMException instead",
			"optional": true,
			"dependencies": {
				"webidl-conversions": "^7.0.0"
			},
			"engines": {
				"node": ">=12"
			}
		},
		"node_modules/typescript": {
			"version": "5.5.3",
			"resolved": "https://registry.npmjs.org/typescript/-/typescript-5.5.3.tgz",
			"integrity": "sha512-/hreyEujaB0w76zKo6717l3L0o/qEUtRgdvUBvlkhoWeOVMjMuHNHk0BRBzikzuGDqNmPQbg5ifMEqsHLiIUcQ==",
			"dev": true,
			"bin": {
				"tsc": "bin/tsc",
				"tsserver": "bin/tsserver"
			},
			"engines": {
				"node": ">=14.17"
			}
		},
		"node_modules/undici-types": {
			"version": "5.26.5",
			"resolved": "https://registry.npmjs.org/undici-types/-/undici-types-5.26.5.tgz",
			"integrity": "sha512-JlCMO+ehdEIKqlFxk6IfVoAUVmgz7cU7zD/h9XZ0qzeosSHmUJVOzSQvvYSYWXkFXC+IfLKSIffhv0sVZup6pA==",
			"dev": true
		},
		"node_modules/webidl-conversions": {
			"version": "7.0.0",
			"resolved": "https://registry.npmjs.org/webidl-conversions/-/webidl-conversions-7.0.0.tgz",
			"integrity": "sha512-VwddBukDzu71offAQR975unBIGqfKZpM+8ZX6ySk8nYhVoo5CYaZyzt3YBvYtRtO+aoGlqxPg/B87NGVZ/fu6g==",
			"optional": true,
			"engines": {
				"node": ">=12"
			}
		}
	}
}
